{
  "originHash" : "19b774f62a4d3d178fec10af066a93699905158fc33f3f3cbb0830b7ffd9dc1a",
  "pins" : [
    {
      "identity" : "catena",
      "kind" : "remoteSourceControl",
      "location" : "https://github.com/Fleuronic/Catena",
      "state" : {
        "branch" : "main",
        "revision" : "d34d1fbc9e174317cbbde7dd07e87c134a5dc065"
      }
    },
    {
      "identity" : "identity",
      "kind" : "remoteSourceControl",
      "location" : "https://github.com/Fleuronic/Identity",
      "state" : {
        "branch" : "master",
        "revision" : "3c92c38d7a5f2134beaefa25c278ddda5d3fcf7a"
      }
    },
    {
      "identity" : "schemata",
      "kind" : "remoteSourceControl",
      "location" : "https://github.com/jordanekay/Schemata",
      "state" : {
        "branch" : "master",
        "revision" : "b8722d45a75a755f17907ba6d3765c23e5e46a7a"
      }
    },
    {
      "identity" : "swift-memberwise-init-macro",
      "kind" : "remoteSourceControl",
      "location" : "https://github.com/gohanlon/swift-memberwise-init-macro",
      "state" : {
        "revision" : "47a2bdf45f1567e7324438f8482e362ee1c3fb44",
        "version" : "0.5.2"
      }
    },
    {
      "identity" : "swift-syntax",
      "kind" : "remoteSourceControl",
      "location" : "https://github.com/swiftlang/swift-syntax",
      "state" : {
        "revision" : "0687f71944021d616d34d922343dcef086855920",
        "version" : "600.0.1"
      }
    },
    {
      "identity" : "trivial",
      "kind" : "remoteSourceControl",
      "location" : "https://github.com/Fleuronic/Trivial",
      "state" : {
        "branch" : "main",
        "revision" : "14a946f0381e226d3132c771c7d690724ff44a13"
      }
    }
  ],
  "version" : 3
}
