{
  "originHash" : "19b774f62a4d3d178fec10af066a93699905158fc33f3f3cbb0830b7ffd9dc1a",
  "pins" : [
    {
      "identity" : "catena",
      "kind" : "remoteSourceControl",
      "location" : "https://github.com/Fleuronic/Catena",
      "state" : {
        "branch" : "main",
        "revision" : "53198be3fe65eee910bca486054f55dd851c52c2"
      }
    },
    {
      "identity" : "identity",
      "kind" : "remoteSourceControl",
      "location" : "https://github.com/jordanekay/Identity",
      "state" : {
        "branch" : "master",
        "revision" : "8764a54c8e5ef0d14f3dc2ec5c10223ed0411a4d"
      }
    },
    {
      "identity" : "schemata",
      "kind" : "remoteSourceControl",
      "location" : "https://github.com/jordanekay/Schemata",
      "state" : {
        "branch" : "master",
        "revision" : "b8722d45a75a755f17907ba6d3765c23e5e46a7a"
      }
    },
    {
      "identity" : "swift-memberwise-init-macro",
      "kind" : "remoteSourceControl",
      "location" : "https://github.com/gohanlon/swift-memberwise-init-macro",
      "state" : {
        "revision" : "47a2bdf45f1567e7324438f8482e362ee1c3fb44",
        "version" : "0.5.2"
      }
    },
    {
      "identity" : "swift-syntax",
      "kind" : "remoteSourceControl",
      "location" : "https://github.com/swiftlang/swift-syntax",
      "state" : {
        "revision" : "0687f71944021d616d34d922343dcef086855920",
        "version" : "600.0.1"
      }
    },
    {
      "identity" : "trivial",
      "kind" : "remoteSourceControl",
      "location" : "https://github.com/Fleuronic/Trivial",
      "state" : {
        "branch" : "main",
        "revision" : "84f565084c27e5de4b965d9097bdfc8a34814a26"
      }
    }
  ],
  "version" : 3
}
